{
  "object": {
    "pins": [
      {
        "package": "AEXML",
        "repositoryURL": "https://github.com/tadija/AEXML.git",
        "state": {
          "branch": null,
          "revision": "502c4d43a6cc9c395d19111e09dc62ad834977b5",
          "version": "4.6.0"
        }
      },
      {
        "package": "rorschach",
        "repositoryURL": "https://github.com/q231950/rorschach.git",
        "state": {
          "branch": null,
          "revision": "0fe1b7a7b3e6e9a160fe6046d71604248e369c74",
          "version": "1.0.1"
        }
      },
      {
        "package": "XMLCoder",
        "repositoryURL": "https://github.com/MaxDesiatov/XMLCoder.git",
        "state": {
          "branch": null,
          "revision": "ac411bd6ab342780be0dfe6f679410f791d751d9",
          "version": "0.11.1"
        }
      }
    ]
  },
  "version": 1
}
