{
  "object": {
    "pins": [
      {
        "package": "AEXML",
        "repositoryURL": "https://github.com/tadija/AEXML.git",
        "state": {
          "branch": null,
          "revision": "e4d517844dd03dac557e35d77a8e9ab438de91a6",
          "version": "4.4.0"
        }
      }
    ]
  },
  "version": 1
}
