{
  "object": {
    "pins": [
      {
        "package": "AEXML",
        "repositoryURL": "https://github.com/tadija/AEXML.git",
        "state": {
          "branch": null,
          "revision": "8623e73b193386909566a9ca20203e33a09af142",
          "version": "4.5.0"
        }
      },
      {
        "package": "StubbornNetwork",
        "repositoryURL": "http://github.com/q231950/the-stubborn-network.git",
        "state": {
          "branch": "body-data-processor",
          "revision": "7f2b8fceabb169025552b9ee9a6a9059f4c88814",
          "version": null
        }
      }
    ]
  },
  "version": 1
}
